
Microsoft Visual Studio Solution File, Format Version 12.00
# Visual Studio Version 17
VisualStudioVersion = 17.10.34607.79
MinimumVisualStudioVersion = 10.0.40219.1
Project("{FAE04EC0-301F-11D3-BF4B-00C04F79EFBC}") = "MercadoLibre", "MercadoLibre\MercadoLibre.csproj", "{D94CE0AF-D619-4848-8DDE-05120A98D4DB}"
EndProject
Global
	GlobalSection(SolutionConfigurationPlatforms) = preSolution
		Debug|Any CPU = Debug|Any CPU
		Release|Any CPU = Release|Any CPU
	EndGlobalSection
	GlobalSection(ProjectConfigurationPlatforms) = postSolution
		{D94CE0AF-D619-4848-8DDE-05120A98D4DB}.Debug|Any CPU.ActiveCfg = Debug|Any CPU
		{D94CE0AF-D619-4848-8DDE-05120A98D4DB}.Debug|Any CPU.Build.0 = Debug|Any CPU
		{D94CE0AF-D619-4848-8DDE-05120A98D4DB}.Debug|Any CPU.Deploy.0 = Debug|Any CPU
		{D94CE0AF-D619-4848-8DDE-05120A98D4DB}.Release|Any CPU.ActiveCfg = Release|Any CPU
		{D94CE0AF-D619-4848-8DDE-05120A98D4DB}.Release|Any CPU.Build.0 = Release|Any CPU
		{D94CE0AF-D619-4848-8DDE-05120A98D4DB}.Release|Any CPU.Deploy.0 = Release|Any CPU
	EndGlobalSection
	GlobalSection(SolutionProperties) = preSolution
		HideSolutionNode = FALSE
	EndGlobalSection
	GlobalSection(ExtensibilityGlobals) = postSolution
		SolutionGuid = {3020D720-DEFB-4F47-92B6-6174ADB48D38}
	EndGlobalSection
EndGlobal
